// !$*UTF8*$!
{
	archiveVersion = 1;
	classes = {
	};
	objectVersion = 46;
	objects = {

/* Begin PBXBuildFile section */
		630DC9A51D30139000F28B00 /* AppDelegate.swift in Sources */ = {isa = PBXBuildFile; fileRef = 630DC9A41D30139000F28B00 /* AppDelegate.swift */; };
		630DC9A71D30139000F28B00 /* ViewController.swift in Sources */ = {isa = PBXBuildFile; fileRef = 630DC9A61D30139000F28B00 /* ViewController.swift */; };
		630DC9AA1D30139000F28B00 /* Main.storyboard in Resources */ = {isa = PBXBuildFile; fileRef = 630DC9A81D30139000F28B00 /* Main.storyboard */; };
		630DC9AC1D30139000F28B00 /* Assets.xcassets in Resources */ = {isa = PBXBuildFile; fileRef = 630DC9AB1D30139000F28B00 /* Assets.xcassets */; };
		630DC9AF1D30139000F28B00 /* LaunchScreen.storyboard in Resources */ = {isa = PBXBuildFile; fileRef = 630DC9AD1D30139000F28B00 /* LaunchScreen.storyboard */; };
		630DC9D11D30140700F28B00 /* DLSuggestionsTextField.framework in Frameworks */ = {isa = PBXBuildFile; fileRef = 630DC9D01D3013CC00F28B00 /* DLSuggestionsTextField.framework */; };
		630DC9D21D30140700F28B00 /* DLSuggestionsTextField.framework in Embed Frameworks */ = {isa = PBXBuildFile; fileRef = 630DC9D01D3013CC00F28B00 /* DLSuggestionsTextField.framework */; settings = {ATTRIBUTES = (CodeSignOnCopy, RemoveHeadersOnCopy, ); }; };
/* End PBXBuildFile section */

/* Begin PBXContainerItemProxy section */
		630DC9CF1D3013CC00F28B00 /* PBXContainerItemProxy */ = {
			isa = PBXContainerItemProxy;
			containerPortal = 630DC9CB1D3013CC00F28B00 /* DLSuggestionsTextField.xcodeproj */;
			proxyType = 2;
			remoteGlobalIDString = 630DC9C01D3013BC00F28B00;
			remoteInfo = DLSuggestionsTextField;
		};
		630DC9D31D30140700F28B00 /* PBXContainerItemProxy */ = {
			isa = PBXContainerItemProxy;
			containerPortal = 630DC9CB1D3013CC00F28B00 /* DLSuggestionsTextField.xcodeproj */;
			proxyType = 1;
			remoteGlobalIDString = 630DC9BF1D3013BC00F28B00;
			remoteInfo = DLSuggestionsTextField;
		};
/* End PBXContainerItemProxy section */

/* Begin PBXCopyFilesBuildPhase section */
		630DC9D51D30140700F28B00 /* Embed Frameworks */ = {
			isa = PBXCopyFilesBuildPhase;
			buildActionMask = 2147483647;
			dstPath = "";
			dstSubfolderSpec = 10;
			files = (
				630DC9D21D30140700F28B00 /* DLSuggestionsTextField.framework in Embed Frameworks */,
			);
			name = "Embed Frameworks";
			runOnlyForDeploymentPostprocessing = 0;
		};
/* End PBXCopyFilesBuildPhase section */

/* Begin PBXFileReference section */
		630DC9A11D30139000F28B00 /* DLSuggestionsTextFieldDemo.app */ = {isa = PBXFileReference; explicitFileType = wrapper.application; includeInIndex = 0; path = DLSuggestionsTextFieldDemo.app; sourceTree = BUILT_PRODUCTS_DIR; };
		630DC9A41D30139000F28B00 /* AppDelegate.swift */ = {isa = PBXFileReference; lastKnownFileType = sourcecode.swift; path = AppDelegate.swift; sourceTree = "<group>"; };
		630DC9A61D30139000F28B00 /* ViewController.swift */ = {isa = PBXFileReference; lastKnownFileType = sourcecode.swift; path = ViewController.swift; sourceTree = "<group>"; };
		630DC9A91D30139000F28B00 /* Base */ = {isa = PBXFileReference; lastKnownFileType = file.storyboard; name = Base; path = Base.lproj/Main.storyboard; sourceTree = "<group>"; };
		630DC9AB1D30139000F28B00 /* Assets.xcassets */ = {isa = PBXFileReference; lastKnownFileType = folder.assetcatalog; path = Assets.xcassets; sourceTree = "<group>"; };
		630DC9AE1D30139000F28B00 /* Base */ = {isa = PBXFileReference; lastKnownFileType = file.storyboard; name = Base; path = Base.lproj/LaunchScreen.storyboard; sourceTree = "<group>"; };
		630DC9B01D30139000F28B00 /* Info.plist */ = {isa = PBXFileReference; lastKnownFileType = text.plist.xml; path = Info.plist; sourceTree = "<group>"; };
		630DC9CB1D3013CC00F28B00 /* DLSuggestionsTextField.xcodeproj */ = {isa = PBXFileReference; lastKnownFileType = "wrapper.pb-project"; name = DLSuggestionsTextField.xcodeproj; path = ../DLSuggestionsTextField/DLSuggestionsTextField.xcodeproj; sourceTree = "<group>"; };
/* End PBXFileReference section */

/* Begin PBXFrameworksBuildPhase section */
		630DC99E1D30139000F28B00 /* Frameworks */ = {
			isa = PBXFrameworksBuildPhase;
			buildActionMask = 2147483647;
			files = (
				630DC9D11D30140700F28B00 /* DLSuggestionsTextField.framework in Frameworks */,
			);
			runOnlyForDeploymentPostprocessing = 0;
		};
/* End PBXFrameworksBuildPhase section */

/* Begin PBXGroup section */
		630DC9981D30139000F28B00 = {
			isa = PBXGroup;
			children = (
				630DC9CB1D3013CC00F28B00 /* DLSuggestionsTextField.xcodeproj */,
				630DC9A31D30139000F28B00 /* DLSuggestionsTextFieldDemo */,
				630DC9A21D30139000F28B00 /* Products */,
			);
			sourceTree = "<group>";
		};
		630DC9A21D30139000F28B00 /* Products */ = {
			isa = PBXGroup;
			children = (
				630DC9A11D30139000F28B00 /* DLSuggestionsTextFieldDemo.app */,
			);
			name = Products;
			sourceTree = "<group>";
		};
		630DC9A31D30139000F28B00 /* DLSuggestionsTextFieldDemo */ = {
			isa = PBXGroup;
			children = (
				630DC9A41D30139000F28B00 /* AppDelegate.swift */,
				630DC9A61D30139000F28B00 /* ViewController.swift */,
				630DC9A81D30139000F28B00 /* Main.storyboard */,
				630DC9AB1D30139000F28B00 /* Assets.xcassets */,
				630DC9AD1D30139000F28B00 /* LaunchScreen.storyboard */,
				630DC9B01D30139000F28B00 /* Info.plist */,
			);
			path = DLSuggestionsTextFieldDemo;
			sourceTree = "<group>";
		};
		630DC9CC1D3013CC00F28B00 /* Products */ = {
			isa = PBXGroup;
			children = (
				630DC9D01D3013CC00F28B00 /* DLSuggestionsTextField.framework */,
			);
			name = Products;
			sourceTree = "<group>";
		};
/* End PBXGroup section */

/* Begin PBXNativeTarget section */
		630DC9A01D30139000F28B00 /* DLSuggestionsTextFieldDemo */ = {
			isa = PBXNativeTarget;
			buildConfigurationList = 630DC9B31D30139000F28B00 /* Build configuration list for PBXNativeTarget "DLSuggestionsTextFieldDemo" */;
			buildPhases = (
				630DC99D1D30139000F28B00 /* Sources */,
				630DC99E1D30139000F28B00 /* Frameworks */,
				630DC99F1D30139000F28B00 /* Resources */,
				630DC9D51D30140700F28B00 /* Embed Frameworks */,
			);
			buildRules = (
			);
			dependencies = (
				630DC9D41D30140700F28B00 /* PBXTargetDependency */,
			);
			name = DLSuggestionsTextFieldDemo;
			productName = DLSuggestionsTextFieldDemo;
			productReference = 630DC9A11D30139000F28B00 /* DLSuggestionsTextFieldDemo.app */;
			productType = "com.apple.product-type.application";
		};
/* End PBXNativeTarget section */

/* Begin PBXProject section */
		630DC9991D30139000F28B00 /* Project object */ = {
			isa = PBXProject;
			attributes = {
				LastSwiftUpdateCheck = 0730;
				LastUpgradeCheck = 0730;
				ORGANIZATIONNAME = Community;
				TargetAttributes = {
					630DC9A01D30139000F28B00 = {
						CreatedOnToolsVersion = 7.3;
						DevelopmentTeam = MREYNA8ZMD;
					};
				};
			};
			buildConfigurationList = 630DC99C1D30139000F28B00 /* Build configuration list for PBXProject "DLSuggestionsTextFieldDemo" */;
			compatibilityVersion = "Xcode 3.2";
			developmentRegion = English;
			hasScannedForEncodings = 0;
			knownRegions = (
				en,
				Base,
			);
			mainGroup = 630DC9981D30139000F28B00;
			productRefGroup = 630DC9A21D30139000F28B00 /* Products */;
			projectDirPath = "";
			projectReferences = (
				{
					ProductGroup = 630DC9CC1D3013CC00F28B00 /* Products */;
					ProjectRef = 630DC9CB1D3013CC00F28B00 /* DLSuggestionsTextField.xcodeproj */;
				},
			);
			projectRoot = "";
			targets = (
				630DC9A01D30139000F28B00 /* DLSuggestionsTextFieldDemo */,
			);
		};
/* End PBXProject section */

/* Begin PBXReferenceProxy section */
		630DC9D01D3013CC00F28B00 /* DLSuggestionsTextField.framework */ = {
			isa = PBXReferenceProxy;
			fileType = wrapper.framework;
			path = DLSuggestionsTextField.framework;
			remoteRef = 630DC9CF1D3013CC00F28B00 /* PBXContainerItemProxy */;
			sourceTree = BUILT_PRODUCTS_DIR;
		};
/* End PBXReferenceProxy section */

/* Begin PBXResourcesBuildPhase section */
		630DC99F1D30139000F28B00 /* Resources */ = {
			isa = PBXResourcesBuildPhase;
			buildActionMask = 2147483647;
			files = (
				630DC9AF1D30139000F28B00 /* LaunchScreen.storyboard in Resources */,
				630DC9AC1D30139000F28B00 /* Assets.xcassets in Resources */,
				630DC9AA1D30139000F28B00 /* Main.storyboard in Resources */,
			);
			runOnlyForDeploymentPostprocessing = 0;
		};
/* End PBXResourcesBuildPhase section */

/* Begin PBXSourcesBuildPhase section */
		630DC99D1D30139000F28B00 /* Sources */ = {
			isa = PBXSourcesBuildPhase;
			buildActionMask = 2147483647;
			files = (
				630DC9A71D30139000F28B00 /* ViewController.swift in Sources */,
				630DC9A51D30139000F28B00 /* AppDelegate.swift in Sources */,
			);
			runOnlyForDeploymentPostprocessing = 0;
		};
/* End PBXSourcesBuildPhase section */

/* Begin PBXTargetDependency section */
		630DC9D41D30140700F28B00 /* PBXTargetDependency */ = {
			isa = PBXTargetDependency;
			name = DLSuggestionsTextField;
			targetProxy = 630DC9D31D30140700F28B00 /* PBXContainerItemProxy */;
		};
/* End PBXTargetDependency section */

/* Begin PBXVariantGroup section */
		630DC9A81D30139000F28B00 /* Main.storyboard */ = {
			isa = PBXVariantGroup;
			children = (
				630DC9A91D30139000F28B00 /* Base */,
			);
			name = Main.storyboard;
			sourceTree = "<group>";
		};
		630DC9AD1D30139000F28B00 /* LaunchScreen.storyboard */ = {
			isa = PBXVariantGroup;
			children = (
				630DC9AE1D30139000F28B00 /* Base */,
			);
			name = LaunchScreen.storyboard;
			sourceTree = "<group>";
		};
/* End PBXVariantGroup section */

/* Begin XCBuildConfiguration section */
		630DC9B11D30139000F28B00 /* Debug */ = {
			isa = XCBuildConfiguration;
			buildSettings = {
				ALWAYS_SEARCH_USER_PATHS = NO;
				CLANG_ANALYZER_NONNULL = YES;
				CLANG_CXX_LANGUAGE_STANDARD = "gnu++0x";
				CLANG_CXX_LIBRARY = "libc++";
				CLANG_ENABLE_MODULES = YES;
				CLANG_ENABLE_OBJC_ARC = YES;
				CLANG_WARN_BOOL_CONVERSION = YES;
				CLANG_WARN_CONSTANT_CONVERSION = YES;
				CLANG_WARN_DIRECT_OBJC_ISA_USAGE = YES_ERROR;
				CLANG_WARN_EMPTY_BODY = YES;
				CLANG_WARN_ENUM_CONVERSION = YES;
				CLANG_WARN_INT_CONVERSION = YES;
				CLANG_WARN_OBJC_ROOT_CLASS = YES_ERROR;
				CLANG_WARN_UNREACHABLE_CODE = YES;
				CLANG_WARN__DUPLICATE_METHOD_MATCH = YES;
				"CODE_SIGN_IDENTITY[sdk=iphoneos*]" = "iPhone Developer";
				COPY_PHASE_STRIP = NO;
				DEBUG_INFORMATION_FORMAT = dwarf;
				ENABLE_STRICT_OBJC_MSGSEND = YES;
				ENABLE_TESTABILITY = YES;
				GCC_C_LANGUAGE_STANDARD = gnu99;
				GCC_DYNAMIC_NO_PIC = NO;
				GCC_NO_COMMON_BLOCKS = YES;
				GCC_OPTIMIZATION_LEVEL = 0;
				GCC_PREPROCESSOR_DEFINITIONS = (
					"DEBUG=1",
					"$(inherited)",
				);
				GCC_WARN_64_TO_32_BIT_CONVERSION = YES;
				GCC_WARN_ABOUT_RETURN_TYPE = YES_ERROR;
				GCC_WARN_UNDECLARED_SELECTOR = YES;
				GCC_WARN_UNINITIALIZED_AUTOS = YES_AGGRESSIVE;
				GCC_WARN_UNUSED_FUNCTION = YES;
				GCC_WARN_UNUSED_VARIABLE = YES;
				IPHONEOS_DEPLOYMENT_TARGET = 9.3;
				MTL_ENABLE_DEBUG_INFO = YES;
				ONLY_ACTIVE_ARCH = YES;
				SDKROOT = iphoneos;
				SWIFT_OPTIMIZATION_LEVEL = "-Onone";
				TARGETED_DEVICE_FAMILY = "1,2";
			};
			name = Debug;
		};
		630DC9B21D30139000F28B00 /* Release */ = {
			isa = XCBuildConfiguration;
			buildSettings = {
				ALWAYS_SEARCH_USER_PATHS = NO;
				CLANG_ANALYZER_NONNULL = YES;
				CLANG_CXX_LANGUAGE_STANDARD = "gnu++0x";
				CLANG_CXX_LIBRARY = "libc++";
				CLANG_ENABLE_MODULES = YES;
				CLANG_ENABLE_OBJC_ARC = YES;
				CLANG_WARN_BOOL_CONVERSION = YES;
				CLANG_WARN_CONSTANT_CONVERSION = YES;
				CLANG_WARN_DIRECT_OBJC_ISA_USAGE = YES_ERROR;
				CLANG_WARN_EMPTY_BODY = YES;
				CLANG_WARN_ENUM_CONVERSION = YES;
				CLANG_WARN_INT_CONVERSION = YES;
				CLANG_WARN_OBJC_ROOT_CLASS = YES_ERROR;
				CLANG_WARN_UNREACHABLE_CODE = YES;
				CLANG_WARN__DUPLICATE_METHOD_MATCH = YES;
				"CODE_SIGN_IDENTITY[sdk=iphoneos*]" = "iPhone Developer";
				COPY_PHASE_STRIP = NO;
				DEBUG_INFORMATION_FORMAT = "dwarf-with-dsym";
				ENABLE_NS_ASSERTIONS = NO;
				ENABLE_STRICT_OBJC_MSGSEND = YES;
				GCC_C_LANGUAGE_STANDARD = gnu99;
				GCC_NO_COMMON_BLOCKS = YES;
				GCC_WARN_64_TO_32_BIT_CONVERSION = YES;
				GCC_WARN_ABOUT_RETURN_TYPE = YES_ERROR;
				GCC_WARN_UNDECLARED_SELECTOR = YES;
				GCC_WARN_UNINITIALIZED_AUTOS = YES_AGGRESSIVE;
				GCC_WARN_UNUSED_FUNCTION = YES;
				GCC_WARN_UNUSED_VARIABLE = YES;
				IPHONEOS_DEPLOYMENT_TARGET = 9.3;
				MTL_ENABLE_DEBUG_INFO = NO;
				SDKROOT = iphoneos;
				TARGETED_DEVICE_FAMILY = "1,2";
				VALIDATE_PRODUCT = YES;
			};
			name = Release;
		};
		630DC9B41D30139000F28B00 /* Debug */ = {
			isa = XCBuildConfiguration;
			buildSettings = {
				ASSETCATALOG_COMPILER_APPICON_NAME = AppIcon;
				INFOPLIST_FILE = DLSuggestionsTextFieldDemo/Info.plist;
				IPHONEOS_DEPLOYMENT_TARGET = 8.0;
				LD_RUNPATH_SEARCH_PATHS = "$(inherited) @executable_path/Frameworks";
				PRODUCT_BUNDLE_IDENTIFIER = CM.DLSuggestionsTextFieldDemo;
				PRODUCT_NAME = "$(TARGET_NAME)";
			};
			name = Debug;
		};
		630DC9B51D30139000F28B00 /* Release */ = {
			isa = XCBuildConfiguration;
			buildSettings = {
				ASSETCATALOG_COMPILER_APPICON_NAME = AppIcon;
				INFOPLIST_FILE = DLSuggestionsTextFieldDemo/Info.plist;
				IPHONEOS_DEPLOYMENT_TARGET = 8.0;
				LD_RUNPATH_SEARCH_PATHS = "$(inherited) @executable_path/Frameworks";
				PRODUCT_BUNDLE_IDENTIFIER = CM.DLSuggestionsTextFieldDemo;
				PRODUCT_NAME = "$(TARGET_NAME)";
			};
			name = Release;
		};
/* End XCBuildConfiguration section */

/* Begin XCConfigurationList section */
		630DC99C1D30139000F28B00 /* Build configuration list for PBXProject "DLSuggestionsTextFieldDemo" */ = {
			isa = XCConfigurationList;
			buildConfigurations = (
				630DC9B11D30139000F28B00 /* Debug */,
				630DC9B21D30139000F28B00 /* Release */,
			);
			defaultConfigurationIsVisible = 0;
			defaultConfigurationName = Release;
		};
		630DC9B31D30139000F28B00 /* Build configuration list for PBXNativeTarget "DLSuggestionsTextFieldDemo" */ = {
			isa = XCConfigurationList;
			buildConfigurations = (
				630DC9B41D30139000F28B00 /* Debug */,
				630DC9B51D30139000F28B00 /* Release */,
			);
			defaultConfigurationIsVisible = 0;
			defaultConfigurationName = Release;
		};
/* End XCConfigurationList section */
	};
	rootObject = 630DC9991D30139000F28B00 /* Project object */;
}
